
Microsoft Visual Studio Solution File, Format Version 12.00
# Visual Studio 14
VisualStudioVersion = 14.0.25420.1
MinimumVisualStudioVersion = 10.0.40219.1
Project("{8BC9CEB8-8B4A-11D0-8D11-00A0C91BC942}") = "NetEventService", "NetEventService\NetEventService.vcxproj", "{AED5C451-BDC5-49D6-9E1A-6A54E265DCAF}"
EndProject
Project("{8BC9CEB8-8B4A-11D0-8D11-00A0C91BC942}") = "VRTestClient", "VRTestClient\VRTestClient.vcxproj", "{C72FD91C-4384-408D-9076-7DD7B5A8E25A}"
	ProjectSection(ProjectDependencies) = postProject
		{AED5C451-BDC5-49D6-9E1A-6A54E265DCAF} = {AED5C451-BDC5-49D6-9E1A-6A54E265DCAF}
	EndProjectSection
EndProject
Project("{8BC9CEB8-8B4A-11D0-8D11-00A0C91BC942}") = "NetEventSvcTestClientDlg", "NetEventSvcTestClientDlg\NetEventSvcTestClientDlg.vcxproj", "{AFB1E782-F367-4EBB-AFCB-669345314994}"
	ProjectSection(ProjectDependencies) = postProject
		{AED5C451-BDC5-49D6-9E1A-6A54E265DCAF} = {AED5C451-BDC5-49D6-9E1A-6A54E265DCAF}
	EndProjectSection
EndProject
Project("{8BC9CEB8-8B4A-11D0-8D11-00A0C91BC942}") = "VRCenterServer", "VRCenterServer\VRCenterServer.vcxproj", "{E8A6ED82-C910-4C2A-8C5A-9B5094B046A6}"
	ProjectSection(ProjectDependencies) = postProject
		{AED5C451-BDC5-49D6-9E1A-6A54E265DCAF} = {AED5C451-BDC5-49D6-9E1A-6A54E265DCAF}
	EndProjectSection
EndProject
Project("{8BC9CEB8-8B4A-11D0-8D11-00A0C91BC942}") = "VRClientAgent", "VRClientAgent\VRClientAgent.vcxproj", "{07AEB9B0-231A-4E46-AA29-49CAEB3AEA9C}"
EndProject
Project("{8BC9CEB8-8B4A-11D0-8D11-00A0C91BC942}") = "VRSceneController", "VRSceneController\VRSceneController.vcxproj", "{C701F6C1-3E40-4F2D-A70B-B754731BD6F3}"
EndProject
Project("{8BC9CEB8-8B4A-11D0-8D11-00A0C91BC942}") = "VRSceneServer", "VRSceneServer\VRSceneServer.vcxproj", "{473F628E-8F32-466D-AAD2-B2A9A80413CC}"
EndProject
Project("{FAE04EC0-301F-11D3-BF4B-00C04F79EFBC}") = "CapsuleClient", "CapsuleClient\CapsuleClient.csproj", "{509D0DDE-D601-4AFC-BD36-0A80A17DAE11}"
EndProject
Global
	GlobalSection(SolutionConfigurationPlatforms) = preSolution
		Debug|Any CPU = Debug|Any CPU
		Debug|x64 = Debug|x64
		Debug|x86 = Debug|x86
		Release|Any CPU = Release|Any CPU
		Release|x64 = Release|x64
		Release|x86 = Release|x86
	EndGlobalSection
	GlobalSection(ProjectConfigurationPlatforms) = postSolution
		{AED5C451-BDC5-49D6-9E1A-6A54E265DCAF}.Debug|Any CPU.ActiveCfg = Debug|Win32
		{AED5C451-BDC5-49D6-9E1A-6A54E265DCAF}.Debug|x64.ActiveCfg = Debug|x64
		{AED5C451-BDC5-49D6-9E1A-6A54E265DCAF}.Debug|x64.Build.0 = Debug|x64
		{AED5C451-BDC5-49D6-9E1A-6A54E265DCAF}.Debug|x86.ActiveCfg = Debug|Win32
		{AED5C451-BDC5-49D6-9E1A-6A54E265DCAF}.Debug|x86.Build.0 = Debug|Win32
		{AED5C451-BDC5-49D6-9E1A-6A54E265DCAF}.Release|Any CPU.ActiveCfg = Release|Win32
		{AED5C451-BDC5-49D6-9E1A-6A54E265DCAF}.Release|x64.ActiveCfg = Release|x64
		{AED5C451-BDC5-49D6-9E1A-6A54E265DCAF}.Release|x64.Build.0 = Release|x64
		{AED5C451-BDC5-49D6-9E1A-6A54E265DCAF}.Release|x86.ActiveCfg = Release|Win32
		{AED5C451-BDC5-49D6-9E1A-6A54E265DCAF}.Release|x86.Build.0 = Release|Win32
		{C72FD91C-4384-408D-9076-7DD7B5A8E25A}.Debug|Any CPU.ActiveCfg = Debug|Win32
		{C72FD91C-4384-408D-9076-7DD7B5A8E25A}.Debug|x64.ActiveCfg = Debug|x64
		{C72FD91C-4384-408D-9076-7DD7B5A8E25A}.Debug|x64.Build.0 = Debug|x64
		{C72FD91C-4384-408D-9076-7DD7B5A8E25A}.Debug|x86.ActiveCfg = Debug|Win32
		{C72FD91C-4384-408D-9076-7DD7B5A8E25A}.Debug|x86.Build.0 = Debug|Win32
		{C72FD91C-4384-408D-9076-7DD7B5A8E25A}.Release|Any CPU.ActiveCfg = Release|Win32
		{C72FD91C-4384-408D-9076-7DD7B5A8E25A}.Release|x64.ActiveCfg = Release|x64
		{C72FD91C-4384-408D-9076-7DD7B5A8E25A}.Release|x64.Build.0 = Release|x64
		{C72FD91C-4384-408D-9076-7DD7B5A8E25A}.Release|x86.ActiveCfg = Release|Win32
		{C72FD91C-4384-408D-9076-7DD7B5A8E25A}.Release|x86.Build.0 = Release|Win32
		{AFB1E782-F367-4EBB-AFCB-669345314994}.Debug|Any CPU.ActiveCfg = Debug|Win32
		{AFB1E782-F367-4EBB-AFCB-669345314994}.Debug|x64.ActiveCfg = Debug|x64
		{AFB1E782-F367-4EBB-AFCB-669345314994}.Debug|x64.Build.0 = Debug|x64
		{AFB1E782-F367-4EBB-AFCB-669345314994}.Debug|x86.ActiveCfg = Debug|Win32
		{AFB1E782-F367-4EBB-AFCB-669345314994}.Debug|x86.Build.0 = Debug|Win32
		{AFB1E782-F367-4EBB-AFCB-669345314994}.Release|Any CPU.ActiveCfg = Release|Win32
		{AFB1E782-F367-4EBB-AFCB-669345314994}.Release|x64.ActiveCfg = Release|x64
		{AFB1E782-F367-4EBB-AFCB-669345314994}.Release|x64.Build.0 = Release|x64
		{AFB1E782-F367-4EBB-AFCB-669345314994}.Release|x86.ActiveCfg = Release|Win32
		{AFB1E782-F367-4EBB-AFCB-669345314994}.Release|x86.Build.0 = Release|Win32
		{E8A6ED82-C910-4C2A-8C5A-9B5094B046A6}.Debug|Any CPU.ActiveCfg = Debug|Win32
		{E8A6ED82-C910-4C2A-8C5A-9B5094B046A6}.Debug|x64.ActiveCfg = Debug|x64
		{E8A6ED82-C910-4C2A-8C5A-9B5094B046A6}.Debug|x64.Build.0 = Debug|x64
		{E8A6ED82-C910-4C2A-8C5A-9B5094B046A6}.Debug|x86.ActiveCfg = Debug|Win32
		{E8A6ED82-C910-4C2A-8C5A-9B5094B046A6}.Debug|x86.Build.0 = Debug|Win32
		{E8A6ED82-C910-4C2A-8C5A-9B5094B046A6}.Release|Any CPU.ActiveCfg = Release|Win32
		{E8A6ED82-C910-4C2A-8C5A-9B5094B046A6}.Release|x64.ActiveCfg = Release|x64
		{E8A6ED82-C910-4C2A-8C5A-9B5094B046A6}.Release|x64.Build.0 = Release|x64
		{E8A6ED82-C910-4C2A-8C5A-9B5094B046A6}.Release|x86.ActiveCfg = Release|Win32
		{E8A6ED82-C910-4C2A-8C5A-9B5094B046A6}.Release|x86.Build.0 = Release|Win32
		{07AEB9B0-231A-4E46-AA29-49CAEB3AEA9C}.Debug|Any CPU.ActiveCfg = Debug|Win32
		{07AEB9B0-231A-4E46-AA29-49CAEB3AEA9C}.Debug|x64.ActiveCfg = Debug|x64
		{07AEB9B0-231A-4E46-AA29-49CAEB3AEA9C}.Debug|x64.Build.0 = Debug|x64
		{07AEB9B0-231A-4E46-AA29-49CAEB3AEA9C}.Debug|x86.ActiveCfg = Debug|Win32
		{07AEB9B0-231A-4E46-AA29-49CAEB3AEA9C}.Debug|x86.Build.0 = Debug|Win32
		{07AEB9B0-231A-4E46-AA29-49CAEB3AEA9C}.Release|Any CPU.ActiveCfg = Release|Win32
		{07AEB9B0-231A-4E46-AA29-49CAEB3AEA9C}.Release|x64.ActiveCfg = Release|x64
		{07AEB9B0-231A-4E46-AA29-49CAEB3AEA9C}.Release|x64.Build.0 = Release|x64
		{07AEB9B0-231A-4E46-AA29-49CAEB3AEA9C}.Release|x86.ActiveCfg = Release|Win32
		{07AEB9B0-231A-4E46-AA29-49CAEB3AEA9C}.Release|x86.Build.0 = Release|Win32
		{C701F6C1-3E40-4F2D-A70B-B754731BD6F3}.Debug|Any CPU.ActiveCfg = Debug|Win32
		{C701F6C1-3E40-4F2D-A70B-B754731BD6F3}.Debug|x64.ActiveCfg = Debug|x64
		{C701F6C1-3E40-4F2D-A70B-B754731BD6F3}.Debug|x64.Build.0 = Debug|x64
		{C701F6C1-3E40-4F2D-A70B-B754731BD6F3}.Debug|x86.ActiveCfg = Debug|Win32
		{C701F6C1-3E40-4F2D-A70B-B754731BD6F3}.Debug|x86.Build.0 = Debug|Win32
		{C701F6C1-3E40-4F2D-A70B-B754731BD6F3}.Release|Any CPU.ActiveCfg = Release|Win32
		{C701F6C1-3E40-4F2D-A70B-B754731BD6F3}.Release|x64.ActiveCfg = Release|x64
		{C701F6C1-3E40-4F2D-A70B-B754731BD6F3}.Release|x64.Build.0 = Release|x64
		{C701F6C1-3E40-4F2D-A70B-B754731BD6F3}.Release|x86.ActiveCfg = Release|Win32
		{C701F6C1-3E40-4F2D-A70B-B754731BD6F3}.Release|x86.Build.0 = Release|Win32
		{473F628E-8F32-466D-AAD2-B2A9A80413CC}.Debug|Any CPU.ActiveCfg = Debug|Win32
		{473F628E-8F32-466D-AAD2-B2A9A80413CC}.Debug|x64.ActiveCfg = Debug|x64
		{473F628E-8F32-466D-AAD2-B2A9A80413CC}.Debug|x64.Build.0 = Debug|x64
		{473F628E-8F32-466D-AAD2-B2A9A80413CC}.Debug|x86.ActiveCfg = Debug|Win32
		{473F628E-8F32-466D-AAD2-B2A9A80413CC}.Debug|x86.Build.0 = Debug|Win32
		{473F628E-8F32-466D-AAD2-B2A9A80413CC}.Release|Any CPU.ActiveCfg = Release|Win32
		{473F628E-8F32-466D-AAD2-B2A9A80413CC}.Release|x64.ActiveCfg = Release|x64
		{473F628E-8F32-466D-AAD2-B2A9A80413CC}.Release|x64.Build.0 = Release|x64
		{473F628E-8F32-466D-AAD2-B2A9A80413CC}.Release|x86.ActiveCfg = Release|Win32
		{473F628E-8F32-466D-AAD2-B2A9A80413CC}.Release|x86.Build.0 = Release|Win32
		{509D0DDE-D601-4AFC-BD36-0A80A17DAE11}.Debug|Any CPU.ActiveCfg = Debug|Any CPU
		{509D0DDE-D601-4AFC-BD36-0A80A17DAE11}.Debug|Any CPU.Build.0 = Debug|Any CPU
		{509D0DDE-D601-4AFC-BD36-0A80A17DAE11}.Debug|x64.ActiveCfg = Debug|Any CPU
		{509D0DDE-D601-4AFC-BD36-0A80A17DAE11}.Debug|x64.Build.0 = Debug|Any CPU
		{509D0DDE-D601-4AFC-BD36-0A80A17DAE11}.Debug|x86.ActiveCfg = Debug|Any CPU
		{509D0DDE-D601-4AFC-BD36-0A80A17DAE11}.Debug|x86.Build.0 = Debug|Any CPU
		{509D0DDE-D601-4AFC-BD36-0A80A17DAE11}.Release|Any CPU.ActiveCfg = Release|Any CPU
		{509D0DDE-D601-4AFC-BD36-0A80A17DAE11}.Release|Any CPU.Build.0 = Release|Any CPU
		{509D0DDE-D601-4AFC-BD36-0A80A17DAE11}.Release|x64.ActiveCfg = Release|Any CPU
		{509D0DDE-D601-4AFC-BD36-0A80A17DAE11}.Release|x64.Build.0 = Release|Any CPU
		{509D0DDE-D601-4AFC-BD36-0A80A17DAE11}.Release|x86.ActiveCfg = Release|Any CPU
		{509D0DDE-D601-4AFC-BD36-0A80A17DAE11}.Release|x86.Build.0 = Release|Any CPU
	EndGlobalSection
	GlobalSection(SolutionProperties) = preSolution
		HideSolutionNode = FALSE
	EndGlobalSection
EndGlobal
