<?xml version="1.0" encoding="utf-8"?>
<Project ToolsVersion="4.0" xmlns="http://schemas.microsoft.com/developer/msbuild/2003">
  <ItemGroup>
    <ClCompile Include="Channel.cpp">
      <Filter>SourceFiles</Filter>
    </ClCompile>
    <ClCompile Include="ChannelIDGenerator.cpp">
      <Filter>SourceFiles</Filter>
    </ClCompile>
    <ClCompile Include="MessageQueue.cpp">
      <Filter>SourceFiles</Filter>
    </ClCompile>
    <ClCompile Include="NetEventServer.cpp">
      <Filter>SourceFiles</Filter>
    </ClCompile>
    <ClCompile Include="NetEventService.cpp">
      <Filter>SourceFiles</Filter>
    </ClCompile>
    <ClCompile Include="NetEventClient.cpp">
      <Filter>SourceFiles</Filter>
    </ClCompile>
  </ItemGroup>
  <ItemGroup>
    <ClInclude Include="Channel.h">
      <Filter>HeaderFiles</Filter>
    </ClInclude>
    <ClInclude Include="ChannelIDGenerator.h">
      <Filter>HeaderFiles</Filter>
    </ClInclude>
    <ClInclude Include="DataStream.h">
      <Filter>HeaderFiles</Filter>
    </ClInclude>
    <ClInclude Include="..\include\Message.h">
      <Filter>HeaderFiles</Filter>
    </ClInclude>
    <ClInclude Include="CommonDef.h">
      <Filter>HeaderFiles</Filter>
    </ClInclude>
    <ClInclude Include="NetEventServer.h">
      <Filter>HeaderFiles</Filter>
    </ClInclude>
    <ClInclude Include="..\include\protocol.h">
      <Filter>HeaderFiles</Filter>
    </ClInclude>
    <ClInclude Include="..\include\NetEventService.h">
      <Filter>HeaderFiles</Filter>
    </ClInclude>
    <ClInclude Include="MessageQueue.h">
      <Filter>HeaderFiles</Filter>
    </ClInclude>
    <ClInclude Include="NetEventClient.h">
      <Filter>HeaderFiles</Filter>
    </ClInclude>
  </ItemGroup>
  <ItemGroup>
    <Filter Include="SourceFiles">
      <UniqueIdentifier>{6bed6f6c-973e-45d1-bfb6-be68288c498a}</UniqueIdentifier>
    </Filter>
    <Filter Include="HeaderFiles">
      <UniqueIdentifier>{111ed0c4-c01a-4b99-a7b2-984a8ae5a4f5}</UniqueIdentifier>
    </Filter>
  </ItemGroup>
</Project>